
Microsoft Visual Studio Solution File, Format Version 12.00
# Visual Studio Version 16
VisualStudioVersion = 16.0.31112.23
MinimumVisualStudioVersion = 10.0.40219.1
Project("{9A19103F-16F7-4668-BE54-9A1E7A4F7556}") = "PhotoGram.Model", "PhotoGram.Model.csproj", "{9243612C-1B85-4CDA-B290-3E17876D8C38}"
EndProject
Global
	GlobalSection(SolutionConfigurationPlatforms) = preSolution
		Debug|Any CPU = Debug|Any CPU
		Release|Any CPU = Release|Any CPU
	EndGlobalSection
	GlobalSection(ProjectConfigurationPlatforms) = postSolution
		{9243612C-1B85-4CDA-B290-3E17876D8C38}.Debug|Any CPU.ActiveCfg = Debug|Any CPU
		{9243612C-1B85-4CDA-B290-3E17876D8C38}.Debug|Any CPU.Build.0 = Debug|Any CPU
		{9243612C-1B85-4CDA-B290-3E17876D8C38}.Release|Any CPU.ActiveCfg = Release|Any CPU
		{9243612C-1B85-4CDA-B290-3E17876D8C38}.Release|Any CPU.Build.0 = Release|Any CPU
	EndGlobalSection
	GlobalSection(SolutionProperties) = preSolution
		HideSolutionNode = FALSE
	EndGlobalSection
	GlobalSection(ExtensibilityGlobals) = postSolution
		SolutionGuid = {7036A8B2-A09A-491B-BC88-5533F4812EFF}
	EndGlobalSection
EndGlobal
